
Microsoft Visual Studio Solution File, Format Version 12.00
# Visual Studio Version 17
VisualStudioVersion = 17.14.36518.9
MinimumVisualStudioVersion = 10.0.40219.1
Project("{FAE04EC0-301F-11D3-BF4B-00C04F79EFBC}") = "CRUDOperationSystem", "CRUDOperationSystem\CRUDOperationSystem.csproj", "{9DF73CB0-6905-4045-A352-F609A4E7C7DF}"
EndProject
Project("{FAE04EC0-301F-11D3-BF4B-00C04F79EFBC}") = "CRUDTest", "CRUDTest\CRUDTest.csproj", "{95A8C151-9261-42DC-9C39-4E47C7F8E585}"
EndProject
Project("{FAE04EC0-301F-11D3-BF4B-00C04F79EFBC}") = "Entities", "Entities\Entities.csproj", "{4E7FEB11-5703-48CE-8A48-60150604D670}"
EndProject
Project("{FAE04EC0-301F-11D3-BF4B-00C04F79EFBC}") = "ServiceContracts", "ServiceContracts\ServiceContracts.csproj", "{99D4D4CE-0641-48CA-BCB1-C17C7E6A16C3}"
EndProject
Project("{FAE04EC0-301F-11D3-BF4B-00C04F79EFBC}") = "Services", "Services\Services.csproj", "{CC1500CA-71AC-4FDF-B907-C1809C57B601}"
EndProject
Project("{FAE04EC0-301F-11D3-BF4B-00C04F79EFBC}") = "RepositoryContract", "RepositoryContract\RepositoryContract.csproj", "{29EB5C24-5F17-4491-A8E1-5F8E50E32B6B}"
EndProject
Project("{FAE04EC0-301F-11D3-BF4B-00C04F79EFBC}") = "Repository", "Repository\Repository.csproj", "{4ABE90C0-126E-4809-A929-0EACE5FF4FD8}"
EndProject
Global
	GlobalSection(SolutionConfigurationPlatforms) = preSolution
		Debug|Any CPU = Debug|Any CPU
		Release|Any CPU = Release|Any CPU
	EndGlobalSection
	GlobalSection(ProjectConfigurationPlatforms) = postSolution
		{9DF73CB0-6905-4045-A352-F609A4E7C7DF}.Debug|Any CPU.ActiveCfg = Debug|Any CPU
		{9DF73CB0-6905-4045-A352-F609A4E7C7DF}.Debug|Any CPU.Build.0 = Debug|Any CPU
		{9DF73CB0-6905-4045-A352-F609A4E7C7DF}.Release|Any CPU.ActiveCfg = Release|Any CPU
		{9DF73CB0-6905-4045-A352-F609A4E7C7DF}.Release|Any CPU.Build.0 = Release|Any CPU
		{95A8C151-9261-42DC-9C39-4E47C7F8E585}.Debug|Any CPU.ActiveCfg = Debug|Any CPU
		{95A8C151-9261-42DC-9C39-4E47C7F8E585}.Debug|Any CPU.Build.0 = Debug|Any CPU
		{95A8C151-9261-42DC-9C39-4E47C7F8E585}.Release|Any CPU.ActiveCfg = Release|Any CPU
		{95A8C151-9261-42DC-9C39-4E47C7F8E585}.Release|Any CPU.Build.0 = Release|Any CPU
		{4E7FEB11-5703-48CE-8A48-60150604D670}.Debug|Any CPU.ActiveCfg = Debug|Any CPU
		{4E7FEB11-5703-48CE-8A48-60150604D670}.Debug|Any CPU.Build.0 = Debug|Any CPU
		{4E7FEB11-5703-48CE-8A48-60150604D670}.Release|Any CPU.ActiveCfg = Release|Any CPU
		{4E7FEB11-5703-48CE-8A48-60150604D670}.Release|Any CPU.Build.0 = Release|Any CPU
		{99D4D4CE-0641-48CA-BCB1-C17C7E6A16C3}.Debug|Any CPU.ActiveCfg = Debug|Any CPU
		{99D4D4CE-0641-48CA-BCB1-C17C7E6A16C3}.Debug|Any CPU.Build.0 = Debug|Any CPU
		{99D4D4CE-0641-48CA-BCB1-C17C7E6A16C3}.Release|Any CPU.ActiveCfg = Release|Any CPU
		{99D4D4CE-0641-48CA-BCB1-C17C7E6A16C3}.Release|Any CPU.Build.0 = Release|Any CPU
		{CC1500CA-71AC-4FDF-B907-C1809C57B601}.Debug|Any CPU.ActiveCfg = Debug|Any CPU
		{CC1500CA-71AC-4FDF-B907-C1809C57B601}.Debug|Any CPU.Build.0 = Debug|Any CPU
		{CC1500CA-71AC-4FDF-B907-C1809C57B601}.Release|Any CPU.ActiveCfg = Release|Any CPU
		{CC1500CA-71AC-4FDF-B907-C1809C57B601}.Release|Any CPU.Build.0 = Release|Any CPU
		{29EB5C24-5F17-4491-A8E1-5F8E50E32B6B}.Debug|Any CPU.ActiveCfg = Debug|Any CPU
		{29EB5C24-5F17-4491-A8E1-5F8E50E32B6B}.Debug|Any CPU.Build.0 = Debug|Any CPU
		{29EB5C24-5F17-4491-A8E1-5F8E50E32B6B}.Release|Any CPU.ActiveCfg = Release|Any CPU
		{29EB5C24-5F17-4491-A8E1-5F8E50E32B6B}.Release|Any CPU.Build.0 = Release|Any CPU
		{4ABE90C0-126E-4809-A929-0EACE5FF4FD8}.Debug|Any CPU.ActiveCfg = Debug|Any CPU
		{4ABE90C0-126E-4809-A929-0EACE5FF4FD8}.Debug|Any CPU.Build.0 = Debug|Any CPU
		{4ABE90C0-126E-4809-A929-0EACE5FF4FD8}.Release|Any CPU.ActiveCfg = Release|Any CPU
		{4ABE90C0-126E-4809-A929-0EACE5FF4FD8}.Release|Any CPU.Build.0 = Release|Any CPU
	EndGlobalSection
	GlobalSection(SolutionProperties) = preSolution
		HideSolutionNode = FALSE
	EndGlobalSection
	GlobalSection(ExtensibilityGlobals) = postSolution
		SolutionGuid = {B062D148-F18C-48FF-8CE6-70E3CB7C34FB}
	EndGlobalSection
EndGlobal
